// !$*UTF8*$!
{
	archiveVersion = 1;
	classes = {
	};
	objectVersion = 55;
	objects = {

/* Begin PBXBuildFile section */
		281C21BF27D5866A00DA95A7 /* CoolFinderAppApp.swift in Sources */ = {isa = PBXBuildFile; fileRef = 281C21BE27D5866A00DA95A7 /* CoolFinderAppApp.swift */; };
		281C21C127D5866A00DA95A7 /* ContentView.swift in Sources */ = {isa = PBXBuildFile; fileRef = 281C21C027D5866A00DA95A7 /* ContentView.swift */; };
		281C21C327D5866E00DA95A7 /* Assets.xcassets in Resources */ = {isa = PBXBuildFile; fileRef = 281C21C227D5866E00DA95A7 /* Assets.xcassets */; };
		281C21C627D5866E00DA95A7 /* Preview Assets.xcassets in Resources */ = {isa = PBXBuildFile; fileRef = 281C21C527D5866E00DA95A7 /* Preview Assets.xcassets */; };
		281C21D027D5866E00DA95A7 /* CoolFinderAppTests.swift in Sources */ = {isa = PBXBuildFile; fileRef = 281C21CF27D5866E00DA95A7 /* CoolFinderAppTests.swift */; };
		281C21DA27D5866E00DA95A7 /* CoolFinderAppUITests.swift in Sources */ = {isa = PBXBuildFile; fileRef = 281C21D927D5866E00DA95A7 /* CoolFinderAppUITests.swift */; };
		281C21DC27D5866E00DA95A7 /* CoolFinderAppUITestsLaunchTests.swift in Sources */ = {isa = PBXBuildFile; fileRef = 281C21DB27D5866E00DA95A7 /* CoolFinderAppUITestsLaunchTests.swift */; };
/* End PBXBuildFile section */

/* Begin PBXContainerItemProxy section */
		281C21CC27D5866E00DA95A7 /* PBXContainerItemProxy */ = {
			isa = PBXContainerItemProxy;
			containerPortal = 281C21B327D5866A00DA95A7 /* Project object */;
			proxyType = 1;
			remoteGlobalIDString = 281C21BA27D5866A00DA95A7;
			remoteInfo = CoolFinderApp;
		};
		281C21D627D5866E00DA95A7 /* PBXContainerItemProxy */ = {
			isa = PBXContainerItemProxy;
			containerPortal = 281C21B327D5866A00DA95A7 /* Project object */;
			proxyType = 1;
			remoteGlobalIDString = 281C21BA27D5866A00DA95A7;
			remoteInfo = CoolFinderApp;
		};
/* End PBXContainerItemProxy section */

/* Begin PBXFileReference section */
		281C21BB27D5866A00DA95A7 /* CoolFinderApp.app */ = {isa = PBXFileReference; explicitFileType = wrapper.application; includeInIndex = 0; path = CoolFinderApp.app; sourceTree = BUILT_PRODUCTS_DIR; };
		281C21BE27D5866A00DA95A7 /* CoolFinderAppApp.swift */ = {isa = PBXFileReference; lastKnownFileType = sourcecode.swift; path = CoolFinderAppApp.swift; sourceTree = "<group>"; };
		281C21C027D5866A00DA95A7 /* ContentView.swift */ = {isa = PBXFileReference; lastKnownFileType = sourcecode.swift; path = ContentView.swift; sourceTree = "<group>"; };
		281C21C227D5866E00DA95A7 /* Assets.xcassets */ = {isa = PBXFileReference; lastKnownFileType = folder.assetcatalog; path = Assets.xcassets; sourceTree = "<group>"; };
		281C21C527D5866E00DA95A7 /* Preview Assets.xcassets */ = {isa = PBXFileReference; lastKnownFileType = folder.assetcatalog; path = "Preview Assets.xcassets"; sourceTree = "<group>"; };
		281C21CB27D5866E00DA95A7 /* CoolFinderAppTests.xctest */ = {isa = PBXFileReference; explicitFileType = wrapper.cfbundle; includeInIndex = 0; path = CoolFinderAppTests.xctest; sourceTree = BUILT_PRODUCTS_DIR; };
		281C21CF27D5866E00DA95A7 /* CoolFinderAppTests.swift */ = {isa = PBXFileReference; lastKnownFileType = sourcecode.swift; path = CoolFinderAppTests.swift; sourceTree = "<group>"; };
		281C21D527D5866E00DA95A7 /* CoolFinderAppUITests.xctest */ = {isa = PBXFileReference; explicitFileType = wrapper.cfbundle; includeInIndex = 0; path = CoolFinderAppUITests.xctest; sourceTree = BUILT_PRODUCTS_DIR; };
		281C21D927D5866E00DA95A7 /* CoolFinderAppUITests.swift */ = {isa = PBXFileReference; lastKnownFileType = sourcecode.swift; path = CoolFinderAppUITests.swift; sourceTree = "<group>"; };
		281C21DB27D5866E00DA95A7 /* CoolFinderAppUITestsLaunchTests.swift */ = {isa = PBXFileReference; lastKnownFileType = sourcecode.swift; path = CoolFinderAppUITestsLaunchTests.swift; sourceTree = "<group>"; };
/* End PBXFileReference section */

/* Begin PBXFrameworksBuildPhase section */
		281C21B827D5866A00DA95A7 /* Frameworks */ = {
			isa = PBXFrameworksBuildPhase;
			buildActionMask = 2147483647;
			files = (
			);
			runOnlyForDeploymentPostprocessing = 0;
		};
		281C21C827D5866E00DA95A7 /* Frameworks */ = {
			isa = PBXFrameworksBuildPhase;
			buildActionMask = 2147483647;
			files = (
			);
			runOnlyForDeploymentPostprocessing = 0;
		};
		281C21D227D5866E00DA95A7 /* Frameworks */ = {
			isa = PBXFrameworksBuildPhase;
			buildActionMask = 2147483647;
			files = (
			);
			runOnlyForDeploymentPostprocessing = 0;
		};
/* End PBXFrameworksBuildPhase section */

/* Begin PBXGroup section */
		281C21B227D5866A00DA95A7 = {
			isa = PBXGroup;
			children = (
				281C21BD27D5866A00DA95A7 /* CoolFinderApp */,
				281C21CE27D5866E00DA95A7 /* CoolFinderAppTests */,
				281C21D827D5866E00DA95A7 /* CoolFinderAppUITests */,
				281C21BC27D5866A00DA95A7 /* Products */,
			);
			sourceTree = "<group>";
		};
		281C21BC27D5866A00DA95A7 /* Products */ = {
			isa = PBXGroup;
			children = (
				281C21BB27D5866A00DA95A7 /* CoolFinderApp.app */,
				281C21CB27D5866E00DA95A7 /* CoolFinderAppTests.xctest */,
				281C21D527D5866E00DA95A7 /* CoolFinderAppUITests.xctest */,
			);
			name = Products;
			sourceTree = "<group>";
		};
		281C21BD27D5866A00DA95A7 /* CoolFinderApp */ = {
			isa = PBXGroup;
			children = (
				281C21BE27D5866A00DA95A7 /* CoolFinderAppApp.swift */,
				281C21C027D5866A00DA95A7 /* ContentView.swift */,
				281C21C227D5866E00DA95A7 /* Assets.xcassets */,
				281C21C427D5866E00DA95A7 /* Preview Content */,
			);
			path = CoolFinderApp;
			sourceTree = "<group>";
		};
		281C21C427D5866E00DA95A7 /* Preview Content */ = {
			isa = PBXGroup;
			children = (
				281C21C527D5866E00DA95A7 /* Preview Assets.xcassets */,
			);
			path = "Preview Content";
			sourceTree = "<group>";
		};
		281C21CE27D5866E00DA95A7 /* CoolFinderAppTests */ = {
			isa = PBXGroup;
			children = (
				281C21CF27D5866E00DA95A7 /* CoolFinderAppTests.swift */,
			);
			path = CoolFinderAppTests;
			sourceTree = "<group>";
		};
		281C21D827D5866E00DA95A7 /* CoolFinderAppUITests */ = {
			isa = PBXGroup;
			children = (
				281C21D927D5866E00DA95A7 /* CoolFinderAppUITests.swift */,
				281C21DB27D5866E00DA95A7 /* CoolFinderAppUITestsLaunchTests.swift */,
			);
			path = CoolFinderAppUITests;
			sourceTree = "<group>";
		};
/* End PBXGroup section */

/* Begin PBXNativeTarget section */
		281C21BA27D5866A00DA95A7 /* CoolFinderApp */ = {
			isa = PBXNativeTarget;
			buildConfigurationList = 281C21DF27D5866E00DA95A7 /* Build configuration list for PBXNativeTarget "CoolFinderApp" */;
			buildPhases = (
				281C21B727D5866A00DA95A7 /* Sources */,
				281C21B827D5866A00DA95A7 /* Frameworks */,
				281C21B927D5866A00DA95A7 /* Resources */,
			);
			buildRules = (
			);
			dependencies = (
			);
			name = CoolFinderApp;
			productName = CoolFinderApp;
			productReference = 281C21BB27D5866A00DA95A7 /* CoolFinderApp.app */;
			productType = "com.apple.product-type.application";
		};
		281C21CA27D5866E00DA95A7 /* CoolFinderAppTests */ = {
			isa = PBXNativeTarget;
			buildConfigurationList = 281C21E227D5866E00DA95A7 /* Build configuration list for PBXNativeTarget "CoolFinderAppTests" */;
			buildPhases = (
				281C21C727D5866E00DA95A7 /* Sources */,
				281C21C827D5866E00DA95A7 /* Frameworks */,
				281C21C927D5866E00DA95A7 /* Resources */,
			);
			buildRules = (
			);
			dependencies = (
				281C21CD27D5866E00DA95A7 /* PBXTargetDependency */,
			);
			name = CoolFinderAppTests;
			productName = CoolFinderAppTests;
			productReference = 281C21CB27D5866E00DA95A7 /* CoolFinderAppTests.xctest */;
			productType = "com.apple.product-type.bundle.unit-test";
		};
		281C21D427D5866E00DA95A7 /* CoolFinderAppUITests */ = {
			isa = PBXNativeTarget;
			buildConfigurationList = 281C21E527D5866E00DA95A7 /* Build configuration list for PBXNativeTarget "CoolFinderAppUITests" */;
			buildPhases = (
				281C21D127D5866E00DA95A7 /* Sources */,
				281C21D227D5866E00DA95A7 /* Frameworks */,
				281C21D327D5866E00DA95A7 /* Resources */,
			);
			buildRules = (
			);
			dependencies = (
				281C21D727D5866E00DA95A7 /* PBXTargetDependency */,
			);
			name = CoolFinderAppUITests;
			productName = CoolFinderAppUITests;
			productReference = 281C21D527D5866E00DA95A7 /* CoolFinderAppUITests.xctest */;
			productType = "com.apple.product-type.bundle.ui-testing";
		};
/* End PBXNativeTarget section */

/* Begin PBXProject section */
		281C21B327D5866A00DA95A7 /* Project object */ = {
			isa = PBXProject;
			attributes = {
				BuildIndependentTargetsInParallel = 1;
				LastSwiftUpdateCheck = 1320;
				LastUpgradeCheck = 1320;
				TargetAttributes = {
					281C21BA27D5866A00DA95A7 = {
						CreatedOnToolsVersion = 13.2.1;
					};
					281C21CA27D5866E00DA95A7 = {
						CreatedOnToolsVersion = 13.2.1;
						TestTargetID = 281C21BA27D5866A00DA95A7;
					};
					281C21D427D5866E00DA95A7 = {
						CreatedOnToolsVersion = 13.2.1;
						TestTargetID = 281C21BA27D5866A00DA95A7;
					};
				};
			};
			buildConfigurationList = 281C21B627D5866A00DA95A7 /* Build configuration list for PBXProject "CoolFinderApp" */;
			compatibilityVersion = "Xcode 13.0";
			developmentRegion = en;
			hasScannedForEncodings = 0;
			knownRegions = (
				en,
				Base,
			);
			mainGroup = 281C21B227D5866A00DA95A7;
			productRefGroup = 281C21BC27D5866A00DA95A7 /* Products */;
			projectDirPath = "";
			projectRoot = "";
			targets = (
				281C21BA27D5866A00DA95A7 /* CoolFinderApp */,
				281C21CA27D5866E00DA95A7 /* CoolFinderAppTests */,
				281C21D427D5866E00DA95A7 /* CoolFinderAppUITests */,
			);
		};
/* End PBXProject section */

/* Begin PBXResourcesBuildPhase section */
		281C21B927D5866A00DA95A7 /* Resources */ = {
			isa = PBXResourcesBuildPhase;
			buildActionMask = 2147483647;
			files = (
				281C21C627D5866E00DA95A7 /* Preview Assets.xcassets in Resources */,
				281C21C327D5866E00DA95A7 /* Assets.xcassets in Resources */,
			);
			runOnlyForDeploymentPostprocessing = 0;
		};
		281C21C927D5866E00DA95A7 /* Resources */ = {
			isa = PBXResourcesBuildPhase;
			buildActionMask = 2147483647;
			files = (
			);
			runOnlyForDeploymentPostprocessing = 0;
		};
		281C21D327D5866E00DA95A7 /* Resources */ = {
			isa = PBXResourcesBuildPhase;
			buildActionMask = 2147483647;
			files = (
			);
			runOnlyForDeploymentPostprocessing = 0;
		};
/* End PBXResourcesBuildPhase section */

/* Begin PBXSourcesBuildPhase section */
		281C21B727D5866A00DA95A7 /* Sources */ = {
			isa = PBXSourcesBuildPhase;
			buildActionMask = 2147483647;
			files = (
				281C21C127D5866A00DA95A7 /* ContentView.swift in Sources */,
				281C21BF27D5866A00DA95A7 /* CoolFinderAppApp.swift in Sources */,
			);
			runOnlyForDeploymentPostprocessing = 0;
		};
		281C21C727D5866E00DA95A7 /* Sources */ = {
			isa = PBXSourcesBuildPhase;
			buildActionMask = 2147483647;
			files = (
				281C21D027D5866E00DA95A7 /* CoolFinderAppTests.swift in Sources */,
			);
			runOnlyForDeploymentPostprocessing = 0;
		};
		281C21D127D5866E00DA95A7 /* Sources */ = {
			isa = PBXSourcesBuildPhase;
			buildActionMask = 2147483647;
			files = (
				281C21DA27D5866E00DA95A7 /* CoolFinderAppUITests.swift in Sources */,
				281C21DC27D5866E00DA95A7 /* CoolFinderAppUITestsLaunchTests.swift in Sources */,
			);
			runOnlyForDeploymentPostprocessing = 0;
		};
/* End PBXSourcesBuildPhase section */

/* Begin PBXTargetDependency section */
		281C21CD27D5866E00DA95A7 /* PBXTargetDependency */ = {
			isa = PBXTargetDependency;
			target = 281C21BA27D5866A00DA95A7 /* CoolFinderApp */;
			targetProxy = 281C21CC27D5866E00DA95A7 /* PBXContainerItemProxy */;
		};
		281C21D727D5866E00DA95A7 /* PBXTargetDependency */ = {
			isa = PBXTargetDependency;
			target = 281C21BA27D5866A00DA95A7 /* CoolFinderApp */;
			targetProxy = 281C21D627D5866E00DA95A7 /* PBXContainerItemProxy */;
		};
/* End PBXTargetDependency section */

/* Begin XCBuildConfiguration section */
		281C21DD27D5866E00DA95A7 /* Debug */ = {
			isa = XCBuildConfiguration;
			buildSettings = {
				ALWAYS_SEARCH_USER_PATHS = NO;
				CLANG_ANALYZER_NONNULL = YES;
				CLANG_ANALYZER_NUMBER_OBJECT_CONVERSION = YES_AGGRESSIVE;
				CLANG_CXX_LANGUAGE_STANDARD = "gnu++17";
				CLANG_CXX_LIBRARY = "libc++";
				CLANG_ENABLE_MODULES = YES;
				CLANG_ENABLE_OBJC_ARC = YES;
				CLANG_ENABLE_OBJC_WEAK = YES;
				CLANG_WARN_BLOCK_CAPTURE_AUTORELEASING = YES;
				CLANG_WARN_BOOL_CONVERSION = YES;
				CLANG_WARN_COMMA = YES;
				CLANG_WARN_CONSTANT_CONVERSION = YES;
				CLANG_WARN_DEPRECATED_OBJC_IMPLEMENTATIONS = YES;
				CLANG_WARN_DIRECT_OBJC_ISA_USAGE = YES_ERROR;
				CLANG_WARN_DOCUMENTATION_COMMENTS = YES;
				CLANG_WARN_EMPTY_BODY = YES;
				CLANG_WARN_ENUM_CONVERSION = YES;
				CLANG_WARN_INFINITE_RECURSION = YES;
				CLANG_WARN_INT_CONVERSION = YES;
				CLANG_WARN_NON_LITERAL_NULL_CONVERSION = YES;
				CLANG_WARN_OBJC_IMPLICIT_RETAIN_SELF = YES;
				CLANG_WARN_OBJC_LITERAL_CONVERSION = YES;
				CLANG_WARN_OBJC_ROOT_CLASS = YES_ERROR;
				CLANG_WARN_QUOTED_INCLUDE_IN_FRAMEWORK_HEADER = YES;
				CLANG_WARN_RANGE_LOOP_ANALYSIS = YES;
				CLANG_WARN_STRICT_PROTOTYPES = YES;
				CLANG_WARN_SUSPICIOUS_MOVE = YES;
				CLANG_WARN_UNGUARDED_AVAILABILITY = YES_AGGRESSIVE;
				CLANG_WARN_UNREACHABLE_CODE = YES;
				CLANG_WARN__DUPLICATE_METHOD_MATCH = YES;
				COPY_PHASE_STRIP = NO;
				DEBUG_INFORMATION_FORMAT = dwarf;
				ENABLE_STRICT_OBJC_MSGSEND = YES;
				ENABLE_TESTABILITY = YES;
				GCC_C_LANGUAGE_STANDARD = gnu11;
				GCC_DYNAMIC_NO_PIC = NO;
				GCC_NO_COMMON_BLOCKS = YES;
				GCC_OPTIMIZATION_LEVEL = 0;
				GCC_PREPROCESSOR_DEFINITIONS = (
					"DEBUG=1",
					"$(inherited)",
				);
				GCC_WARN_64_TO_32_BIT_CONVERSION = YES;
				GCC_WARN_ABOUT_RETURN_TYPE = YES_ERROR;
				GCC_WARN_UNDECLARED_SELECTOR = YES;
				GCC_WARN_UNINITIALIZED_AUTOS = YES_AGGRESSIVE;
				GCC_WARN_UNUSED_FUNCTION = YES;
				GCC_WARN_UNUSED_VARIABLE = YES;
				IPHONEOS_DEPLOYMENT_TARGET = 15.2;
				MTL_ENABLE_DEBUG_INFO = INCLUDE_SOURCE;
				MTL_FAST_MATH = YES;
				ONLY_ACTIVE_ARCH = YES;
				SDKROOT = iphoneos;
				SWIFT_ACTIVE_COMPILATION_CONDITIONS = DEBUG;
				SWIFT_OPTIMIZATION_LEVEL = "-Onone";
			};
			name = Debug;
		};
		281C21DE27D5866E00DA95A7 /* Release */ = {
			isa = XCBuildConfiguration;
			buildSettings = {
				ALWAYS_SEARCH_USER_PATHS = NO;
				CLANG_ANALYZER_NONNULL = YES;
				CLANG_ANALYZER_NUMBER_OBJECT_CONVERSION = YES_AGGRESSIVE;
				CLANG_CXX_LANGUAGE_STANDARD = "gnu++17";
				CLANG_CXX_LIBRARY = "libc++";
				CLANG_ENABLE_MODULES = YES;
				CLANG_ENABLE_OBJC_ARC = YES;
				CLANG_ENABLE_OBJC_WEAK = YES;
				CLANG_WARN_BLOCK_CAPTURE_AUTORELEASING = YES;
				CLANG_WARN_BOOL_CONVERSION = YES;
				CLANG_WARN_COMMA = YES;
				CLANG_WARN_CONSTANT_CONVERSION = YES;
				CLANG_WARN_DEPRECATED_OBJC_IMPLEMENTATIONS = YES;
				CLANG_WARN_DIRECT_OBJC_ISA_USAGE = YES_ERROR;
				CLANG_WARN_DOCUMENTATION_COMMENTS = YES;
				CLANG_WARN_EMPTY_BODY = YES;
				CLANG_WARN_ENUM_CONVERSION = YES;
				CLANG_WARN_INFINITE_RECURSION = YES;
				CLANG_WARN_INT_CONVERSION = YES;
				CLANG_WARN_NON_LITERAL_NULL_CONVERSION = YES;
				CLANG_WARN_OBJC_IMPLICIT_RETAIN_SELF = YES;
				CLANG_WARN_OBJC_LITERAL_CONVERSION = YES;
				CLANG_WARN_OBJC_ROOT_CLASS = YES_ERROR;
				CLANG_WARN_QUOTED_INCLUDE_IN_FRAMEWORK_HEADER = YES;
				CLANG_WARN_RANGE_LOOP_ANALYSIS = YES;
				CLANG_WARN_STRICT_PROTOTYPES = YES;
				CLANG_WARN_SUSPICIOUS_MOVE = YES;
				CLANG_WARN_UNGUARDED_AVAILABILITY = YES_AGGRESSIVE;
				CLANG_WARN_UNREACHABLE_CODE = YES;
				CLANG_WARN__DUPLICATE_METHOD_MATCH = YES;
				COPY_PHASE_STRIP = NO;
				DEBUG_INFORMATION_FORMAT = "dwarf-with-dsym";
				ENABLE_NS_ASSERTIONS = NO;
				ENABLE_STRICT_OBJC_MSGSEND = YES;
				GCC_C_LANGUAGE_STANDARD = gnu11;
				GCC_NO_COMMON_BLOCKS = YES;
				GCC_WARN_64_TO_32_BIT_CONVERSION = YES;
				GCC_WARN_ABOUT_RETURN_TYPE = YES_ERROR;
				GCC_WARN_UNDECLARED_SELECTOR = YES;
				GCC_WARN_UNINITIALIZED_AUTOS = YES_AGGRESSIVE;
				GCC_WARN_UNUSED_FUNCTION = YES;
				GCC_WARN_UNUSED_VARIABLE = YES;
				IPHONEOS_DEPLOYMENT_TARGET = 15.2;
				MTL_ENABLE_DEBUG_INFO = NO;
				MTL_FAST_MATH = YES;
				SDKROOT = iphoneos;
				SWIFT_COMPILATION_MODE = wholemodule;
				SWIFT_OPTIMIZATION_LEVEL = "-O";
				VALIDATE_PRODUCT = YES;
			};
			name = Release;
		};
		281C21E027D5866E00DA95A7 /* Debug */ = {
			isa = XCBuildConfiguration;
			buildSettings = {
				ASSETCATALOG_COMPILER_APPICON_NAME = AppIcon;
				ASSETCATALOG_COMPILER_GLOBAL_ACCENT_COLOR_NAME = AccentColor;
				CODE_SIGN_STYLE = Automatic;
				CURRENT_PROJECT_VERSION = 1;
				DEVELOPMENT_ASSET_PATHS = "\"CoolFinderApp/Preview Content\"";
				DEVELOPMENT_TEAM = 5BG2HQRVX8;
				ENABLE_PREVIEWS = YES;
				GENERATE_INFOPLIST_FILE = YES;
				INFOPLIST_KEY_UIApplicationSceneManifest_Generation = YES;
				INFOPLIST_KEY_UIApplicationSupportsIndirectInputEvents = YES;
				INFOPLIST_KEY_UILaunchScreen_Generation = YES;
				INFOPLIST_KEY_UISupportedInterfaceOrientations_iPad = "UIInterfaceOrientationPortrait UIInterfaceOrientationPortraitUpsideDown UIInterfaceOrientationLandscapeLeft UIInterfaceOrientationLandscapeRight";
				INFOPLIST_KEY_UISupportedInterfaceOrientations_iPhone = "UIInterfaceOrientationPortrait UIInterfaceOrientationLandscapeLeft UIInterfaceOrientationLandscapeRight";
				LD_RUNPATH_SEARCH_PATHS = (
					"$(inherited)",
					"@executable_path/Frameworks",
				);
				MARKETING_VERSION = 1.0;
				PRODUCT_BUNDLE_IDENTIFIER = com.zgluis.CoolFinderApp;
				PRODUCT_NAME = "$(TARGET_NAME)";
				SWIFT_EMIT_LOC_STRINGS = YES;
				SWIFT_VERSION = 5.0;
				TARGETED_DEVICE_FAMILY = "1,2";
			};
			name = Debug;
		};
		281C21E127D5866E00DA95A7 /* Release */ = {
			isa = XCBuildConfiguration;
			buildSettings = {
				ASSETCATALOG_COMPILER_APPICON_NAME = AppIcon;
				ASSETCATALOG_COMPILER_GLOBAL_ACCENT_COLOR_NAME = AccentColor;
				CODE_SIGN_STYLE = Automatic;
				CURRENT_PROJECT_VERSION = 1;
				DEVELOPMENT_ASSET_PATHS = "\"CoolFinderApp/Preview Content\"";
				DEVELOPMENT_TEAM = 5BG2HQRVX8;
				ENABLE_PREVIEWS = YES;
				GENERATE_INFOPLIST_FILE = YES;
				INFOPLIST_KEY_UIApplicationSceneManifest_Generation = YES;
				INFOPLIST_KEY_UIApplicationSupportsIndirectInputEvents = YES;
				INFOPLIST_KEY_UILaunchScreen_Generation = YES;
				INFOPLIST_KEY_UISupportedInterfaceOrientations_iPad = "UIInterfaceOrientationPortrait UIInterfaceOrientationPortraitUpsideDown UIInterfaceOrientationLandscapeLeft UIInterfaceOrientationLandscapeRight";
				INFOPLIST_KEY_UISupportedInterfaceOrientations_iPhone = "UIInterfaceOrientationPortrait UIInterfaceOrientationLandscapeLeft UIInterfaceOrientationLandscapeRight";
				LD_RUNPATH_SEARCH_PATHS = (
					"$(inherited)",
					"@executable_path/Frameworks",
				);
				MARKETING_VERSION = 1.0;
				PRODUCT_BUNDLE_IDENTIFIER = com.zgluis.CoolFinderApp;
				PRODUCT_NAME = "$(TARGET_NAME)";
				SWIFT_EMIT_LOC_STRINGS = YES;
				SWIFT_VERSION = 5.0;
				TARGETED_DEVICE_FAMILY = "1,2";
			};
			name = Release;
		};
		281C21E327D5866E00DA95A7 /* Debug */ = {
			isa = XCBuildConfiguration;
			buildSettings = {
				ALWAYS_EMBED_SWIFT_STANDARD_LIBRARIES = YES;
				BUNDLE_LOADER = "$(TEST_HOST)";
				CODE_SIGN_STYLE = Automatic;
				CURRENT_PROJECT_VERSION = 1;
				DEVELOPMENT_TEAM = 5BG2HQRVX8;
				GENERATE_INFOPLIST_FILE = YES;
				IPHONEOS_DEPLOYMENT_TARGET = 15.2;
				MARKETING_VERSION = 1.0;
				PRODUCT_BUNDLE_IDENTIFIER = com.zgluis.CoolFinderAppTests;
				PRODUCT_NAME = "$(TARGET_NAME)";
				SWIFT_EMIT_LOC_STRINGS = NO;
				SWIFT_VERSION = 5.0;
				TARGETED_DEVICE_FAMILY = "1,2";
				TEST_HOST = "$(BUILT_PRODUCTS_DIR)/CoolFinderApp.app/CoolFinderApp";
			};
			name = Debug;
		};
		281C21E427D5866E00DA95A7 /* Release */ = {
			isa = XCBuildConfiguration;
			buildSettings = {
				ALWAYS_EMBED_SWIFT_STANDARD_LIBRARIES = YES;
				BUNDLE_LOADER = "$(TEST_HOST)";
				CODE_SIGN_STYLE = Automatic;
				CURRENT_PROJECT_VERSION = 1;
				DEVELOPMENT_TEAM = 5BG2HQRVX8;
				GENERATE_INFOPLIST_FILE = YES;
				IPHONEOS_DEPLOYMENT_TARGET = 15.2;
				MARKETING_VERSION = 1.0;
				PRODUCT_BUNDLE_IDENTIFIER = com.zgluis.CoolFinderAppTests;
				PRODUCT_NAME = "$(TARGET_NAME)";
				SWIFT_EMIT_LOC_STRINGS = NO;
				SWIFT_VERSION = 5.0;
				TARGETED_DEVICE_FAMILY = "1,2";
				TEST_HOST = "$(BUILT_PRODUCTS_DIR)/CoolFinderApp.app/CoolFinderApp";
			};
			name = Release;
		};
		281C21E627D5866E00DA95A7 /* Debug */ = {
			isa = XCBuildConfiguration;
			buildSettings = {
				ALWAYS_EMBED_SWIFT_STANDARD_LIBRARIES = YES;
				CODE_SIGN_STYLE = Automatic;
				CURRENT_PROJECT_VERSION = 1;
				DEVELOPMENT_TEAM = 5BG2HQRVX8;
				GENERATE_INFOPLIST_FILE = YES;
				MARKETING_VERSION = 1.0;
				PRODUCT_BUNDLE_IDENTIFIER = com.zgluis.CoolFinderAppUITests;
				PRODUCT_NAME = "$(TARGET_NAME)";
				SWIFT_EMIT_LOC_STRINGS = NO;
				SWIFT_VERSION = 5.0;
				TARGETED_DEVICE_FAMILY = "1,2";
				TEST_TARGET_NAME = CoolFinderApp;
			};
			name = Debug;
		};
		281C21E727D5866E00DA95A7 /* Release */ = {
			isa = XCBuildConfiguration;
			buildSettings = {
				ALWAYS_EMBED_SWIFT_STANDARD_LIBRARIES = YES;
				CODE_SIGN_STYLE = Automatic;
				CURRENT_PROJECT_VERSION = 1;
				DEVELOPMENT_TEAM = 5BG2HQRVX8;
				GENERATE_INFOPLIST_FILE = YES;
				MARKETING_VERSION = 1.0;
				PRODUCT_BUNDLE_IDENTIFIER = com.zgluis.CoolFinderAppUITests;
				PRODUCT_NAME = "$(TARGET_NAME)";
				SWIFT_EMIT_LOC_STRINGS = NO;
				SWIFT_VERSION = 5.0;
				TARGETED_DEVICE_FAMILY = "1,2";
				TEST_TARGET_NAME = CoolFinderApp;
			};
			name = Release;
		};
/* End XCBuildConfiguration section */

/* Begin XCConfigurationList section */
		281C21B627D5866A00DA95A7 /* Build configuration list for PBXProject "CoolFinderApp" */ = {
			isa = XCConfigurationList;
			buildConfigurations = (
				281C21DD27D5866E00DA95A7 /* Debug */,
				281C21DE27D5866E00DA95A7 /* Release */,
			);
			defaultConfigurationIsVisible = 0;
			defaultConfigurationName = Release;
		};
		281C21DF27D5866E00DA95A7 /* Build configuration list for PBXNativeTarget "CoolFinderApp" */ = {
			isa = XCConfigurationList;
			buildConfigurations = (
				281C21E027D5866E00DA95A7 /* Debug */,
				281C21E127D5866E00DA95A7 /* Release */,
			);
			defaultConfigurationIsVisible = 0;
			defaultConfigurationName = Release;
		};
		281C21E227D5866E00DA95A7 /* Build configuration list for PBXNativeTarget "CoolFinderAppTests" */ = {
			isa = XCConfigurationList;
			buildConfigurations = (
				281C21E327D5866E00DA95A7 /* Debug */,
				281C21E427D5866E00DA95A7 /* Release */,
			);
			defaultConfigurationIsVisible = 0;
			defaultConfigurationName = Release;
		};
		281C21E527D5866E00DA95A7 /* Build configuration list for PBXNativeTarget "CoolFinderAppUITests" */ = {
			isa = XCConfigurationList;
			buildConfigurations = (
				281C21E627D5866E00DA95A7 /* Debug */,
				281C21E727D5866E00DA95A7 /* Release */,
			);
			defaultConfigurationIsVisible = 0;
			defaultConfigurationName = Release;
		};
/* End XCConfigurationList section */
	};
	rootObject = 281C21B327D5866A00DA95A7 /* Project object */;
}
